
Microsoft Visual Studio Solution File, Format Version 12.00
# Visual Studio Version 17
VisualStudioVersion = 17.0.31903.59
MinimumVisualStudioVersion = 10.0.40219.1
Project("{FAE04EC0-301F-11D3-BF4B-00C04F79EFBC}") = "Bet.API", "src\Bet.API\Bet.API.csproj", "{DB2E2326-5FF8-4959-9A10-EFA50F78C012}"
EndProject
Project("{FAE04EC0-301F-11D3-BF4B-00C04F79EFBC}") = "Bet.Domain", "src\Bet.Domain\Bet.Domain.csproj", "{531F7B80-913E-42CA-9112-DE11D8426E6F}"
EndProject
Project("{FAE04EC0-301F-11D3-BF4B-00C04F79EFBC}") = "Bet.Application", "src\Bet.Application\Bet.Application.csproj", "{A0B08778-3F54-4F0D-89AF-AD34DEDB25F9}"
EndProject
Project("{FAE04EC0-301F-11D3-BF4B-00C04F79EFBC}") = "Bet.Infrastructure", "src\Bet.Infrastructure\Bet.Infrastructure.csproj", "{8697837B-9112-4473-84C7-9866C2A938A0}"
EndProject
Project("{2150E333-8FDC-42A3-9474-1A3956D46DE8}") = "Solution Items", "Solution Items", "{DCD11E89-4470-40FA-81C1-B7E30CCD8491}"
	ProjectSection(SolutionItems) = preProject
		docker-compose.yml = docker-compose.yml
	EndProjectSection
EndProject
Project("{FAE04EC0-301F-11D3-BF4B-00C04F79EFBC}") = "Bet.Contracts", "src\Bet.Contracts\Bet.Contracts.csproj", "{1608963B-02BD-4938-9361-870C74A4947F}"
EndProject
Global
	GlobalSection(SolutionConfigurationPlatforms) = preSolution
		Debug|Any CPU = Debug|Any CPU
		Release|Any CPU = Release|Any CPU
	EndGlobalSection
	GlobalSection(SolutionProperties) = preSolution
		HideSolutionNode = FALSE
	EndGlobalSection
	GlobalSection(ProjectConfigurationPlatforms) = postSolution
		{DB2E2326-5FF8-4959-9A10-EFA50F78C012}.Debug|Any CPU.ActiveCfg = Debug|Any CPU
		{DB2E2326-5FF8-4959-9A10-EFA50F78C012}.Debug|Any CPU.Build.0 = Debug|Any CPU
		{DB2E2326-5FF8-4959-9A10-EFA50F78C012}.Release|Any CPU.ActiveCfg = Release|Any CPU
		{DB2E2326-5FF8-4959-9A10-EFA50F78C012}.Release|Any CPU.Build.0 = Release|Any CPU
		{531F7B80-913E-42CA-9112-DE11D8426E6F}.Debug|Any CPU.ActiveCfg = Debug|Any CPU
		{531F7B80-913E-42CA-9112-DE11D8426E6F}.Debug|Any CPU.Build.0 = Debug|Any CPU
		{531F7B80-913E-42CA-9112-DE11D8426E6F}.Release|Any CPU.ActiveCfg = Release|Any CPU
		{531F7B80-913E-42CA-9112-DE11D8426E6F}.Release|Any CPU.Build.0 = Release|Any CPU
		{A0B08778-3F54-4F0D-89AF-AD34DEDB25F9}.Debug|Any CPU.ActiveCfg = Debug|Any CPU
		{A0B08778-3F54-4F0D-89AF-AD34DEDB25F9}.Debug|Any CPU.Build.0 = Debug|Any CPU
		{A0B08778-3F54-4F0D-89AF-AD34DEDB25F9}.Release|Any CPU.ActiveCfg = Release|Any CPU
		{A0B08778-3F54-4F0D-89AF-AD34DEDB25F9}.Release|Any CPU.Build.0 = Release|Any CPU
		{8697837B-9112-4473-84C7-9866C2A938A0}.Debug|Any CPU.ActiveCfg = Debug|Any CPU
		{8697837B-9112-4473-84C7-9866C2A938A0}.Debug|Any CPU.Build.0 = Debug|Any CPU
		{8697837B-9112-4473-84C7-9866C2A938A0}.Release|Any CPU.ActiveCfg = Release|Any CPU
		{8697837B-9112-4473-84C7-9866C2A938A0}.Release|Any CPU.Build.0 = Release|Any CPU
		{1608963B-02BD-4938-9361-870C74A4947F}.Debug|Any CPU.ActiveCfg = Debug|Any CPU
		{1608963B-02BD-4938-9361-870C74A4947F}.Debug|Any CPU.Build.0 = Debug|Any CPU
		{1608963B-02BD-4938-9361-870C74A4947F}.Release|Any CPU.ActiveCfg = Release|Any CPU
		{1608963B-02BD-4938-9361-870C74A4947F}.Release|Any CPU.Build.0 = Release|Any CPU
	EndGlobalSection
EndGlobal
